
Microsoft Visual Studio Solution File, Format Version 12.00
# Visual Studio Version 16
VisualStudioVersion = 16.0.30011.22
MinimumVisualStudioVersion = 10.0.40219.1
Project("{FAE04EC0-301F-11D3-BF4B-00C04F79EFBC}") = "Blackjack", "Blackjack.csproj", "{B7A2D689-71A3-4849-91D7-486A7027F97E}"
	ProjectSection(ProjectDependencies) = postProject
		{A1E610EF-DE3E-4842-8B55-BD330ADBB59B} = {A1E610EF-DE3E-4842-8B55-BD330ADBB59B}
	EndProjectSection
EndProject
Project("{FAE04EC0-301F-11D3-BF4B-00C04F79EFBC}") = "Controls", "ControlBlackjack\Controls.csproj", "{AB883541-BB49-41F3-802D-AB78955FDE0D}"
EndProject
Project("{FAE04EC0-301F-11D3-BF4B-00C04F79EFBC}") = "IA", "IA\IA.csproj", "{A1E610EF-DE3E-4842-8B55-BD330ADBB59B}"
EndProject
Global
	GlobalSection(SolutionConfigurationPlatforms) = preSolution
		Debug|Any CPU = Debug|Any CPU
		Release|Any CPU = Release|Any CPU
	EndGlobalSection
	GlobalSection(ProjectConfigurationPlatforms) = postSolution
		{B7A2D689-71A3-4849-91D7-486A7027F97E}.Debug|Any CPU.ActiveCfg = Debug|Any CPU
		{B7A2D689-71A3-4849-91D7-486A7027F97E}.Debug|Any CPU.Build.0 = Debug|Any CPU
		{B7A2D689-71A3-4849-91D7-486A7027F97E}.Release|Any CPU.ActiveCfg = Release|Any CPU
		{B7A2D689-71A3-4849-91D7-486A7027F97E}.Release|Any CPU.Build.0 = Release|Any CPU
		{AB883541-BB49-41F3-802D-AB78955FDE0D}.Debug|Any CPU.ActiveCfg = Debug|Any CPU
		{AB883541-BB49-41F3-802D-AB78955FDE0D}.Debug|Any CPU.Build.0 = Debug|Any CPU
		{AB883541-BB49-41F3-802D-AB78955FDE0D}.Release|Any CPU.ActiveCfg = Release|Any CPU
		{AB883541-BB49-41F3-802D-AB78955FDE0D}.Release|Any CPU.Build.0 = Release|Any CPU
		{A1E610EF-DE3E-4842-8B55-BD330ADBB59B}.Debug|Any CPU.ActiveCfg = Debug|Any CPU
		{A1E610EF-DE3E-4842-8B55-BD330ADBB59B}.Debug|Any CPU.Build.0 = Debug|Any CPU
		{A1E610EF-DE3E-4842-8B55-BD330ADBB59B}.Release|Any CPU.ActiveCfg = Release|Any CPU
		{A1E610EF-DE3E-4842-8B55-BD330ADBB59B}.Release|Any CPU.Build.0 = Release|Any CPU
	EndGlobalSection
	GlobalSection(SolutionProperties) = preSolution
		HideSolutionNode = FALSE
	EndGlobalSection
	GlobalSection(ExtensibilityGlobals) = postSolution
		SolutionGuid = {7459C4EC-6769-434E-AD6C-C4401A012B6D}
	EndGlobalSection
EndGlobal
